// !$*UTF8*$!
{
	archiveVersion = 1;
	classes = {
	};
	objectVersion = 50;
	objects = {

/* Begin PBXBuildFile section */
		592EBFA8207EA21800FB247B /* AppDelegate.m in Sources */ = {isa = PBXBuildFile; fileRef = 592EBFA7207EA21800FB247B /* AppDelegate.m */; };
		592EBFAB207EA21800FB247B /* ViewController.m in Sources */ = {isa = PBXBuildFile; fileRef = 592EBFAA207EA21800FB247B /* ViewController.m */; };
		592EBFAE207EA21800FB247B /* Main.storyboard in Resources */ = {isa = PBXBuildFile; fileRef = 592EBFAC207EA21800FB247B /* Main.storyboard */; };
		592EBFB0207EA21E00FB247B /* Assets.xcassets in Resources */ = {isa = PBXBuildFile; fileRef = 592EBFAF207EA21E00FB247B /* Assets.xcassets */; };
		592EBFB3207EA21E00FB247B /* LaunchScreen.storyboard in Resources */ = {isa = PBXBuildFile; fileRef = 592EBFB1207EA21E00FB247B /* LaunchScreen.storyboard */; };
		592EBFB6207EA21E00FB247B /* main.m in Sources */ = {isa = PBXBuildFile; fileRef = 592EBFB5207EA21E00FB247B /* main.m */; };
/* End PBXBuildFile section */

/* Begin PBXFileReference section */
		592EBFA3207EA21800FB247B /* morse-code-expert.app */ = {isa = PBXFileReference; explicitFileType = wrapper.application; includeInIndex = 0; path = "morse-code-expert.app"; sourceTree = BUILT_PRODUCTS_DIR; };
		592EBFA6207EA21800FB247B /* AppDelegate.h */ = {isa = PBXFileReference; lastKnownFileType = sourcecode.c.h; path = AppDelegate.h; sourceTree = "<group>"; };
		592EBFA7207EA21800FB247B /* AppDelegate.m */ = {isa = PBXFileReference; lastKnownFileType = sourcecode.c.objc; path = AppDelegate.m; sourceTree = "<group>"; };
		592EBFA9207EA21800FB247B /* ViewController.h */ = {isa = PBXFileReference; lastKnownFileType = sourcecode.c.h; path = ViewController.h; sourceTree = "<group>"; };
		592EBFAA207EA21800FB247B /* ViewController.m */ = {isa = PBXFileReference; lastKnownFileType = sourcecode.c.objc; path = ViewController.m; sourceTree = "<group>"; };
		592EBFAD207EA21800FB247B /* Base */ = {isa = PBXFileReference; lastKnownFileType = file.storyboard; name = Base; path = Base.lproj/Main.storyboard; sourceTree = "<group>"; };
		592EBFAF207EA21E00FB247B /* Assets.xcassets */ = {isa = PBXFileReference; lastKnownFileType = folder.assetcatalog; path = Assets.xcassets; sourceTree = "<group>"; };
		592EBFB2207EA21E00FB247B /* Base */ = {isa = PBXFileReference; lastKnownFileType = file.storyboard; name = Base; path = Base.lproj/LaunchScreen.storyboard; sourceTree = "<group>"; };
		592EBFB4207EA21E00FB247B /* Info.plist */ = {isa = PBXFileReference; lastKnownFileType = text.plist.xml; path = Info.plist; sourceTree = "<group>"; };
		592EBFB5207EA21E00FB247B /* main.m */ = {isa = PBXFileReference; lastKnownFileType = sourcecode.c.objc; path = main.m; sourceTree = "<group>"; };
/* End PBXFileReference section */

/* Begin PBXFrameworksBuildPhase section */
		592EBFA0207EA21800FB247B /* Frameworks */ = {
			isa = PBXFrameworksBuildPhase;
			buildActionMask = 2147483647;
			files = (
			);
			runOnlyForDeploymentPostprocessing = 0;
		};
/* End PBXFrameworksBuildPhase section */

/* Begin PBXGroup section */
		592EBF9A207EA21800FB247B = {
			isa = PBXGroup;
			children = (
				592EBFA5207EA21800FB247B /* morse-code-expert */,
				592EBFA4207EA21800FB247B /* Products */,
			);
			sourceTree = "<group>";
		};
		592EBFA4207EA21800FB247B /* Products */ = {
			isa = PBXGroup;
			children = (
				592EBFA3207EA21800FB247B /* morse-code-expert.app */,
			);
			name = Products;
			sourceTree = "<group>";
		};
		592EBFA5207EA21800FB247B /* morse-code-expert */ = {
			isa = PBXGroup;
			children = (
				592EBFA6207EA21800FB247B /* AppDelegate.h */,
				592EBFA7207EA21800FB247B /* AppDelegate.m */,
				592EBFA9207EA21800FB247B /* ViewController.h */,
				592EBFAA207EA21800FB247B /* ViewController.m */,
				592EBFAC207EA21800FB247B /* Main.storyboard */,
				592EBFAF207EA21E00FB247B /* Assets.xcassets */,
				592EBFB1207EA21E00FB247B /* LaunchScreen.storyboard */,
				592EBFB4207EA21E00FB247B /* Info.plist */,
				592EBFB5207EA21E00FB247B /* main.m */,
			);
			path = "morse-code-expert";
			sourceTree = "<group>";
		};
/* End PBXGroup section */

/* Begin PBXNativeTarget section */
		592EBFA2207EA21800FB247B /* morse-code-expert */ = {
			isa = PBXNativeTarget;
			buildConfigurationList = 592EBFB9207EA21E00FB247B /* Build configuration list for PBXNativeTarget "morse-code-expert" */;
			buildPhases = (
				592EBF9F207EA21800FB247B /* Sources */,
				592EBFA0207EA21800FB247B /* Frameworks */,
				592EBFA1207EA21800FB247B /* Resources */,
			);
			buildRules = (
			);
			dependencies = (
			);
			name = "morse-code-expert";
			productName = "morse-code-expert";
			productReference = 592EBFA3207EA21800FB247B /* morse-code-expert.app */;
			productType = "com.apple.product-type.application";
		};
/* End PBXNativeTarget section */

/* Begin PBXProject section */
		592EBF9B207EA21800FB247B /* Project object */ = {
			isa = PBXProject;
			attributes = {
				LastUpgradeCheck = 0930;
				ORGANIZATIONNAME = "Vladislav Kleschenko";
				TargetAttributes = {
					592EBFA2207EA21800FB247B = {
						CreatedOnToolsVersion = 9.3;
					};
				};
			};
			buildConfigurationList = 592EBF9E207EA21800FB247B /* Build configuration list for PBXProject "morse-code-expert" */;
			compatibilityVersion = "Xcode 9.3";
			developmentRegion = en;
			hasScannedForEncodings = 0;
			knownRegions = (
				en,
				Base,
			);
			mainGroup = 592EBF9A207EA21800FB247B;
			productRefGroup = 592EBFA4207EA21800FB247B /* Products */;
			projectDirPath = "";
			projectRoot = "";
			targets = (
				592EBFA2207EA21800FB247B /* morse-code-expert */,
			);
		};
/* End PBXProject section */

/* Begin PBXResourcesBuildPhase section */
		592EBFA1207EA21800FB247B /* Resources */ = {
			isa = PBXResourcesBuildPhase;
			buildActionMask = 2147483647;
			files = (
				592EBFB3207EA21E00FB247B /* LaunchScreen.storyboard in Resources */,
				592EBFB0207EA21E00FB247B /* Assets.xcassets in Resources */,
				592EBFAE207EA21800FB247B /* Main.storyboard in Resources */,
			);
			runOnlyForDeploymentPostprocessing = 0;
		};
/* End PBXResourcesBuildPhase section */

/* Begin PBXSourcesBuildPhase section */
		592EBF9F207EA21800FB247B /* Sources */ = {
			isa = PBXSourcesBuildPhase;
			buildActionMask = 2147483647;
			files = (
				592EBFAB207EA21800FB247B /* ViewController.m in Sources */,
				592EBFB6207EA21E00FB247B /* main.m in Sources */,
				592EBFA8207EA21800FB247B /* AppDelegate.m in Sources */,
			);
			runOnlyForDeploymentPostprocessing = 0;
		};
/* End PBXSourcesBuildPhase section */

/* Begin PBXVariantGroup section */
		592EBFAC207EA21800FB247B /* Main.storyboard */ = {
			isa = PBXVariantGroup;
			children = (
				592EBFAD207EA21800FB247B /* Base */,
			);
			name = Main.storyboard;
			sourceTree = "<group>";
		};
		592EBFB1207EA21E00FB247B /* LaunchScreen.storyboard */ = {
			isa = PBXVariantGroup;
			children = (
				592EBFB2207EA21E00FB247B /* Base */,
			);
			name = LaunchScreen.storyboard;
			sourceTree = "<group>";
		};
/* End PBXVariantGroup section */

/* Begin XCBuildConfiguration section */
		592EBFB7207EA21E00FB247B /* Debug */ = {
			isa = XCBuildConfiguration;
			buildSettings = {
				ALWAYS_SEARCH_USER_PATHS = NO;
				CLANG_ANALYZER_NONNULL = YES;
				CLANG_ANALYZER_NUMBER_OBJECT_CONVERSION = YES_AGGRESSIVE;
				CLANG_CXX_LANGUAGE_STANDARD = "gnu++14";
				CLANG_CXX_LIBRARY = "libc++";
				CLANG_ENABLE_MODULES = YES;
				CLANG_ENABLE_OBJC_ARC = YES;
				CLANG_ENABLE_OBJC_WEAK = YES;
				CLANG_WARN_BLOCK_CAPTURE_AUTORELEASING = YES;
				CLANG_WARN_BOOL_CONVERSION = YES;
				CLANG_WARN_COMMA = YES;
				CLANG_WARN_CONSTANT_CONVERSION = YES;
				CLANG_WARN_DEPRECATED_OBJC_IMPLEMENTATIONS = YES;
				CLANG_WARN_DIRECT_OBJC_ISA_USAGE = YES_ERROR;
				CLANG_WARN_DOCUMENTATION_COMMENTS = YES;
				CLANG_WARN_EMPTY_BODY = YES;
				CLANG_WARN_ENUM_CONVERSION = YES;
				CLANG_WARN_INFINITE_RECURSION = YES;
				CLANG_WARN_INT_CONVERSION = YES;
				CLANG_WARN_NON_LITERAL_NULL_CONVERSION = YES;
				CLANG_WARN_OBJC_IMPLICIT_RETAIN_SELF = YES;
				CLANG_WARN_OBJC_LITERAL_CONVERSION = YES;
				CLANG_WARN_OBJC_ROOT_CLASS = YES_ERROR;
				CLANG_WARN_RANGE_LOOP_ANALYSIS = YES;
				CLANG_WARN_STRICT_PROTOTYPES = YES;
				CLANG_WARN_SUSPICIOUS_MOVE = YES;
				CLANG_WARN_UNGUARDED_AVAILABILITY = YES_AGGRESSIVE;
				CLANG_WARN_UNREACHABLE_CODE = YES;
				CLANG_WARN__DUPLICATE_METHOD_MATCH = YES;
				CODE_SIGN_IDENTITY = "iPhone Developer";
				COPY_PHASE_STRIP = NO;
				DEBUG_INFORMATION_FORMAT = dwarf;
				ENABLE_STRICT_OBJC_MSGSEND = YES;
				ENABLE_TESTABILITY = YES;
				GCC_C_LANGUAGE_STANDARD = gnu11;
				GCC_DYNAMIC_NO_PIC = NO;
				GCC_NO_COMMON_BLOCKS = YES;
				GCC_OPTIMIZATION_LEVEL = 0;
				GCC_PREPROCESSOR_DEFINITIONS = (
					"DEBUG=1",
					"$(inherited)",
				);
				GCC_WARN_64_TO_32_BIT_CONVERSION = YES;
				GCC_WARN_ABOUT_RETURN_TYPE = YES_ERROR;
				GCC_WARN_UNDECLARED_SELECTOR = YES;
				GCC_WARN_UNINITIALIZED_AUTOS = YES_AGGRESSIVE;
				GCC_WARN_UNUSED_FUNCTION = YES;
				GCC_WARN_UNUSED_VARIABLE = YES;
				IPHONEOS_DEPLOYMENT_TARGET = 11.3;
				MTL_ENABLE_DEBUG_INFO = YES;
				ONLY_ACTIVE_ARCH = YES;
				SDKROOT = iphoneos;
			};
			name = Debug;
		};
		592EBFB8207EA21E00FB247B /* Release */ = {
			isa = XCBuildConfiguration;
			buildSettings = {
				ALWAYS_SEARCH_USER_PATHS = NO;
				CLANG_ANALYZER_NONNULL = YES;
				CLANG_ANALYZER_NUMBER_OBJECT_CONVERSION = YES_AGGRESSIVE;
				CLANG_CXX_LANGUAGE_STANDARD = "gnu++14";
				CLANG_CXX_LIBRARY = "libc++";
				CLANG_ENABLE_MODULES = YES;
				CLANG_ENABLE_OBJC_ARC = YES;
				CLANG_ENABLE_OBJC_WEAK = YES;
				CLANG_WARN_BLOCK_CAPTURE_AUTORELEASING = YES;
				CLANG_WARN_BOOL_CONVERSION = YES;
				CLANG_WARN_COMMA = YES;
				CLANG_WARN_CONSTANT_CONVERSION = YES;
				CLANG_WARN_DEPRECATED_OBJC_IMPLEMENTATIONS = YES;
				CLANG_WARN_DIRECT_OBJC_ISA_USAGE = YES_ERROR;
				CLANG_WARN_DOCUMENTATION_COMMENTS = YES;
				CLANG_WARN_EMPTY_BODY = YES;
				CLANG_WARN_ENUM_CONVERSION = YES;
				CLANG_WARN_INFINITE_RECURSION = YES;
				CLANG_WARN_INT_CONVERSION = YES;
				CLANG_WARN_NON_LITERAL_NULL_CONVERSION = YES;
				CLANG_WARN_OBJC_IMPLICIT_RETAIN_SELF = YES;
				CLANG_WARN_OBJC_LITERAL_CONVERSION = YES;
				CLANG_WARN_OBJC_ROOT_CLASS = YES_ERROR;
				CLANG_WARN_RANGE_LOOP_ANALYSIS = YES;
				CLANG_WARN_STRICT_PROTOTYPES = YES;
				CLANG_WARN_SUSPICIOUS_MOVE = YES;
				CLANG_WARN_UNGUARDED_AVAILABILITY = YES_AGGRESSIVE;
				CLANG_WARN_UNREACHABLE_CODE = YES;
				CLANG_WARN__DUPLICATE_METHOD_MATCH = YES;
				CODE_SIGN_IDENTITY = "iPhone Developer";
				COPY_PHASE_STRIP = NO;
				DEBUG_INFORMATION_FORMAT = "dwarf-with-dsym";
				ENABLE_NS_ASSERTIONS = NO;
				ENABLE_STRICT_OBJC_MSGSEND = YES;
				GCC_C_LANGUAGE_STANDARD = gnu11;
				GCC_NO_COMMON_BLOCKS = YES;
				GCC_WARN_64_TO_32_BIT_CONVERSION = YES;
				GCC_WARN_ABOUT_RETURN_TYPE = YES_ERROR;
				GCC_WARN_UNDECLARED_SELECTOR = YES;
				GCC_WARN_UNINITIALIZED_AUTOS = YES_AGGRESSIVE;
				GCC_WARN_UNUSED_FUNCTION = YES;
				GCC_WARN_UNUSED_VARIABLE = YES;
				IPHONEOS_DEPLOYMENT_TARGET = 11.3;
				MTL_ENABLE_DEBUG_INFO = NO;
				SDKROOT = iphoneos;
				VALIDATE_PRODUCT = YES;
			};
			name = Release;
		};
		592EBFBA207EA21E00FB247B /* Debug */ = {
			isa = XCBuildConfiguration;
			buildSettings = {
				ASSETCATALOG_COMPILER_APPICON_NAME = AppIcon;
				CODE_SIGN_STYLE = Automatic;
				DEVELOPMENT_TEAM = T7VR5AMBYN;
				INFOPLIST_FILE = "morse-code-expert/Info.plist";
				LD_RUNPATH_SEARCH_PATHS = (
					"$(inherited)",
					"@executable_path/Frameworks",
				);
				PRODUCT_BUNDLE_IDENTIFIER = "by.vladislavitsi.morse-code-expert";
				PRODUCT_NAME = "$(TARGET_NAME)";
				TARGETED_DEVICE_FAMILY = "1,2";
			};
			name = Debug;
		};
		592EBFBB207EA21E00FB247B /* Release */ = {
			isa = XCBuildConfiguration;
			buildSettings = {
				ASSETCATALOG_COMPILER_APPICON_NAME = AppIcon;
				CODE_SIGN_STYLE = Automatic;
				DEVELOPMENT_TEAM = T7VR5AMBYN;
				INFOPLIST_FILE = "morse-code-expert/Info.plist";
				LD_RUNPATH_SEARCH_PATHS = (
					"$(inherited)",
					"@executable_path/Frameworks",
				);
				PRODUCT_BUNDLE_IDENTIFIER = "by.vladislavitsi.morse-code-expert";
				PRODUCT_NAME = "$(TARGET_NAME)";
				TARGETED_DEVICE_FAMILY = "1,2";
			};
			name = Release;
		};
/* End XCBuildConfiguration section */

/* Begin XCConfigurationList section */
		592EBF9E207EA21800FB247B /* Build configuration list for PBXProject "morse-code-expert" */ = {
			isa = XCConfigurationList;
			buildConfigurations = (
				592EBFB7207EA21E00FB247B /* Debug */,
				592EBFB8207EA21E00FB247B /* Release */,
			);
			defaultConfigurationIsVisible = 0;
			defaultConfigurationName = Release;
		};
		592EBFB9207EA21E00FB247B /* Build configuration list for PBXNativeTarget "morse-code-expert" */ = {
			isa = XCConfigurationList;
			buildConfigurations = (
				592EBFBA207EA21E00FB247B /* Debug */,
				592EBFBB207EA21E00FB247B /* Release */,
			);
			defaultConfigurationIsVisible = 0;
			defaultConfigurationName = Release;
		};
/* End XCConfigurationList section */
	};
	rootObject = 592EBF9B207EA21800FB247B /* Project object */;
}
